<?xml version="1.0" encoding="utf-8"?>
<Project ToolsVersion="4.0" xmlns="http://schemas.microsoft.com/developer/msbuild/2003">
  <ItemGroup>
    <Filter Include="Source Files">
      <UniqueIdentifier>{4FC737F1-C7A5-4376-A066-2A32D752A2FF}</UniqueIdentifier>
      <Extensions>cpp;c;cc;cxx;def;odl;idl;hpj;bat;asm;asmx</Extensions>
    </Filter>
    <Filter Include="Header Files">
      <UniqueIdentifier>{93995380-89BD-4b04-88EB-625FBE52EBFB}</UniqueIdentifier>
      <Extensions>h;hpp;hxx;hm;inl;inc;xsd</Extensions>
    </Filter>
    <Filter Include="Resource Files">
      <UniqueIdentifier>{67DA6AB6-F800-4c08-8B7A-83BB121AAD01}</UniqueIdentifier>
      <Extensions>rc;ico;cur;bmp;dlg;rc2;rct;bin;rgs;gif;jpg;jpeg;jpe;resx;tiff;tif;png;wav;mfcribbon-ms</Extensions>
    </Filter>
    <Filter Include="Human">
      <UniqueIdentifier>{a7713a6a-6e34-4909-bcc4-f641f41d377d}</UniqueIdentifier>
    </Filter>
    <Filter Include="Building">
      <UniqueIdentifier>{ac131379-0544-4090-afc4-7e7062f4b45a}</UniqueIdentifier>
    </Filter>
    <Filter Include="Updateable">
      <UniqueIdentifier>{4a174e26-aea6-47b4-bc1b-67ccc83959df}</UniqueIdentifier>
    </Filter>
    <Filter Include="Kernel">
      <UniqueIdentifier>{0581d714-037d-4173-a0b9-be3ddea3e765}</UniqueIdentifier>
    </Filter>
    <Filter Include="Kernel\Timer">
      <UniqueIdentifier>{81e884eb-79b6-4232-a96e-30ce8de17beb}</UniqueIdentifier>
    </Filter>
    <Filter Include="Kernel\Utils">
      <UniqueIdentifier>{511ee34f-3329-4e84-99b2-adbd4e2274cc}</UniqueIdentifier>
    </Filter>
    <Filter Include="Kernel\Settings">
      <UniqueIdentifier>{6bd4f9dd-f144-4c17-8ed0-042898c16d29}</UniqueIdentifier>
    </Filter>
    <Filter Include="Game">
      <UniqueIdentifier>{95821855-b894-4d79-b6cd-b5b0fe3787ab}</UniqueIdentifier>
    </Filter>
  </ItemGroup>
  <ItemGroup>
    <ClCompile Include="main.cpp">
      <Filter>Source Files</Filter>
    </ClCompile>
    <ClCompile Include="Human.cpp">
      <Filter>Human</Filter>
    </ClCompile>
    <ClCompile Include="Kernel.cpp">
      <Filter>Kernel</Filter>
    </ClCompile>
    <ClCompile Include="Timer.cpp">
      <Filter>Kernel\Timer</Filter>
    </ClCompile>
    <ClCompile Include="Settings.cpp">
      <Filter>Kernel\Settings</Filter>
    </ClCompile>
    <ClCompile Include="Game.cpp">
      <Filter>Game</Filter>
    </ClCompile>
  </ItemGroup>
  <ItemGroup>
    <ClInclude Include="Human.h">
      <Filter>Human</Filter>
    </ClInclude>
    <ClInclude Include="LifeUniversalis.h">
      <Filter>Header Files</Filter>
    </ClInclude>
    <ClInclude Include="GlobalHeaders.h">
      <Filter>Header Files</Filter>
    </ClInclude>
    <ClInclude Include="Updateable.h">
      <Filter>Updateable</Filter>
    </ClInclude>
    <ClInclude Include="Kernel.h">
      <Filter>Kernel</Filter>
    </ClInclude>
    <ClInclude Include="Timer.h">
      <Filter>Kernel\Timer</Filter>
    </ClInclude>
    <ClInclude Include="LifeUniversalisSystem.h">
      <Filter>Header Files</Filter>
    </ClInclude>
    <ClInclude Include="Settings.h">
      <Filter>Kernel\Settings</Filter>
    </ClInclude>
    <ClInclude Include="Game.h">
      <Filter>Game</Filter>
    </ClInclude>
  </ItemGroup>
</Project>