<?xml version="1.0" encoding="utf-8"?>
<Project ToolsVersion="4.0" xmlns="http://schemas.microsoft.com/developer/msbuild/2003">
  <ItemGroup>
    <Filter Include="Source Files">
      <UniqueIdentifier>{4FC737F1-C7A5-4376-A066-2A32D752A2FF}</UniqueIdentifier>
      <Extensions>cpp;c;cc;cxx;def;odl;idl;hpj;bat;asm;asmx</Extensions>
    </Filter>
    <Filter Include="Header Files">
      <UniqueIdentifier>{93995380-89BD-4b04-88EB-625FBE52EBFB}</UniqueIdentifier>
      <Extensions>h;hpp;hxx;hm;inl;inc;xsd</Extensions>
    </Filter>
    <Filter Include="Resource Files">
      <UniqueIdentifier>{67DA6AB6-F800-4c08-8B7A-83BB121AAD01}</UniqueIdentifier>
      <Extensions>rc;ico;cur;bmp;dlg;rc2;rct;bin;rgs;gif;jpg;jpeg;jpe;resx;tiff;tif;png;wav;mfcribbon-ms</Extensions>
    </Filter>
    <Filter Include="Building">
      <UniqueIdentifier>{ac131379-0544-4090-afc4-7e7062f4b45a}</UniqueIdentifier>
    </Filter>
    <Filter Include="Updateable">
      <UniqueIdentifier>{4a174e26-aea6-47b4-bc1b-67ccc83959df}</UniqueIdentifier>
    </Filter>
    <Filter Include="GameEngine">
      <UniqueIdentifier>{f2f76bfe-e7af-411a-9f23-c8032fed5fcd}</UniqueIdentifier>
    </Filter>
    <Filter Include="GameEngine\Kernel">
      <UniqueIdentifier>{0581d714-037d-4173-a0b9-be3ddea3e765}</UniqueIdentifier>
    </Filter>
    <Filter Include="GameEngine\Kernel\Timer">
      <UniqueIdentifier>{81e884eb-79b6-4232-a96e-30ce8de17beb}</UniqueIdentifier>
    </Filter>
    <Filter Include="GameEngine\Kernel\Utils">
      <UniqueIdentifier>{511ee34f-3329-4e84-99b2-adbd4e2274cc}</UniqueIdentifier>
    </Filter>
    <Filter Include="GameEngine\Kernel\Settings">
      <UniqueIdentifier>{6bd4f9dd-f144-4c17-8ed0-042898c16d29}</UniqueIdentifier>
    </Filter>
    <Filter Include="GameEngine\Scene">
      <UniqueIdentifier>{3160a003-e5f6-4f4e-80f0-d3ca8d0121cd}</UniqueIdentifier>
    </Filter>
    <Filter Include="GameEngine\Scene\GameObject">
      <UniqueIdentifier>{2bdb6bd1-c323-4a14-a35c-f5888023726b}</UniqueIdentifier>
    </Filter>
    <Filter Include="GameEngine\Scene\GameObject\GameObjectComponent">
      <UniqueIdentifier>{2e8d5eb1-c80f-4a7b-8644-9072696838f5}</UniqueIdentifier>
    </Filter>
    <Filter Include="Game">
      <UniqueIdentifier>{8ac618f7-775c-473d-b35e-57ad5165edb3}</UniqueIdentifier>
    </Filter>
    <Filter Include="Game\GameObjectComponents">
      <UniqueIdentifier>{4007e1b1-f180-4a41-968c-21fc5a6d98e5}</UniqueIdentifier>
    </Filter>
    <Filter Include="Game\GameObjectComponents\Human">
      <UniqueIdentifier>{56034991-6459-4c2a-8556-dc69b2d242ae}</UniqueIdentifier>
    </Filter>
    <Filter Include="Game\GameObjectComponents\Human\LifeParamters">
      <UniqueIdentifier>{e5537728-9e8d-414e-9c2c-ab9f740f2502}</UniqueIdentifier>
    </Filter>
    <Filter Include="Game\GameObjectComponents\Human\AI">
      <UniqueIdentifier>{2a0e8b83-d3b1-41e8-bcf5-ddaea300e69e}</UniqueIdentifier>
    </Filter>
    <Filter Include="Game\GameObjectComponents\Building">
      <UniqueIdentifier>{3c0664e9-52ef-4b13-b096-96f6be0ca138}</UniqueIdentifier>
    </Filter>
    <Filter Include="Game\GameObjectComponents\Building\Test">
      <UniqueIdentifier>{305417ba-3dab-4bf2-b574-7f1f1f46a1c9}</UniqueIdentifier>
    </Filter>
    <Filter Include="GameEngine\Scene\GameEnvironment">
      <UniqueIdentifier>{9ba4eaba-43cd-4634-bc85-e54df1fdaf5e}</UniqueIdentifier>
    </Filter>
    <Filter Include="GameEngine\Scene\GameEnvironment\GameEnvironmentEntity">
      <UniqueIdentifier>{aa5aff72-b090-46ae-ace4-3da95c3b642d}</UniqueIdentifier>
    </Filter>
    <Filter Include="Game\GameEnvironment">
      <UniqueIdentifier>{5a97125e-d903-419e-ba93-e64957b79638}</UniqueIdentifier>
    </Filter>
    <Filter Include="Game\GameEnvironment\Managers">
      <UniqueIdentifier>{2760110b-9cf4-4cd2-bb19-71d68c5c3471}</UniqueIdentifier>
    </Filter>
    <Filter Include="Game\GameEnvironment\Managers\BuildingManager">
      <UniqueIdentifier>{31b6378c-9888-4057-b540-5523ddbd76ae}</UniqueIdentifier>
    </Filter>
    <Filter Include="Game\GameEnvironment\DayTime">
      <UniqueIdentifier>{136fdad2-7b07-4b0c-9eb2-3918976219c3}</UniqueIdentifier>
    </Filter>
    <Filter Include="Game\GameEnvironment\Managers\HumanManager">
      <UniqueIdentifier>{8ec40691-5655-4a8a-84d2-84a3221a6b4e}</UniqueIdentifier>
    </Filter>
  </ItemGroup>
  <ItemGroup>
    <ClCompile Include="main.cpp">
      <Filter>Source Files</Filter>
    </ClCompile>
    <ClCompile Include="Kernel.cpp">
      <Filter>GameEngine\Kernel</Filter>
    </ClCompile>
    <ClCompile Include="Timer.cpp">
      <Filter>GameEngine\Kernel\Timer</Filter>
    </ClCompile>
    <ClCompile Include="Settings.cpp">
      <Filter>GameEngine\Kernel\Settings</Filter>
    </ClCompile>
    <ClCompile Include="GameEngine.cpp">
      <Filter>GameEngine</Filter>
    </ClCompile>
    <ClCompile Include="GameObject.cpp">
      <Filter>GameEngine\Scene\GameObject</Filter>
    </ClCompile>
    <ClCompile Include="GameObjectComponent.cpp">
      <Filter>GameEngine\Scene\GameObject\GameObjectComponent</Filter>
    </ClCompile>
    <ClCompile Include="Scene.cpp">
      <Filter>GameEngine\Scene</Filter>
    </ClCompile>
    <ClCompile Include="HumanParametersComponent.cpp">
      <Filter>Game\GameObjectComponents\Human\LifeParamters</Filter>
    </ClCompile>
    <ClCompile Include="HumanAIComponent.cpp">
      <Filter>Game\GameObjectComponents\Human\AI</Filter>
    </ClCompile>
    <ClCompile Include="BuildingTestComponent.cpp">
      <Filter>Game\GameObjectComponents\Building\Test</Filter>
    </ClCompile>
    <ClCompile Include="GameEnvironment.cpp">
      <Filter>GameEngine\Scene\GameEnvironment</Filter>
    </ClCompile>
    <ClCompile Include="GameEnvironmentEntity.cpp">
      <Filter>GameEngine\Scene\GameEnvironment\GameEnvironmentEntity</Filter>
    </ClCompile>
    <ClCompile Include="BuildingManagerEntity.cpp">
      <Filter>Game\GameEnvironment\Managers\BuildingManager</Filter>
    </ClCompile>
    <ClCompile Include="DayTimeEntity.cpp">
      <Filter>Game\GameEnvironment\DayTime</Filter>
    </ClCompile>
    <ClCompile Include="HumanManagerEntity.cpp">
      <Filter>Game\GameEnvironment\Managers\HumanManager</Filter>
    </ClCompile>
  </ItemGroup>
  <ItemGroup>
    <ClInclude Include="LifeUniversalis.h">
      <Filter>Header Files</Filter>
    </ClInclude>
    <ClInclude Include="GlobalHeaders.h">
      <Filter>Header Files</Filter>
    </ClInclude>
    <ClInclude Include="Updateable.h">
      <Filter>Updateable</Filter>
    </ClInclude>
    <ClInclude Include="Kernel.h">
      <Filter>GameEngine\Kernel</Filter>
    </ClInclude>
    <ClInclude Include="Timer.h">
      <Filter>GameEngine\Kernel\Timer</Filter>
    </ClInclude>
    <ClInclude Include="LifeUniversalisSystem.h">
      <Filter>Header Files</Filter>
    </ClInclude>
    <ClInclude Include="Settings.h">
      <Filter>GameEngine\Kernel\Settings</Filter>
    </ClInclude>
    <ClInclude Include="GameEngine.h">
      <Filter>GameEngine</Filter>
    </ClInclude>
    <ClInclude Include="GameObject.h">
      <Filter>GameEngine\Scene\GameObject</Filter>
    </ClInclude>
    <ClInclude Include="GameObjectComponent.h">
      <Filter>GameEngine\Scene\GameObject\GameObjectComponent</Filter>
    </ClInclude>
    <ClInclude Include="Scene.h">
      <Filter>GameEngine\Scene</Filter>
    </ClInclude>
    <ClInclude Include="HumanParametersComponent.h">
      <Filter>Game\GameObjectComponents\Human\LifeParamters</Filter>
    </ClInclude>
    <ClInclude Include="HumanAIComponent.h">
      <Filter>Game\GameObjectComponents\Human\AI</Filter>
    </ClInclude>
    <ClInclude Include="BuildingTestComponent.h">
      <Filter>Game\GameObjectComponents\Building\Test</Filter>
    </ClInclude>
    <ClInclude Include="GameEnvironmentEntity.h">
      <Filter>GameEngine\Scene\GameEnvironment\GameEnvironmentEntity</Filter>
    </ClInclude>
    <ClInclude Include="GameEnvironment.h">
      <Filter>GameEngine\Scene\GameEnvironment</Filter>
    </ClInclude>
    <ClInclude Include="BuildingManagerEntity.h">
      <Filter>Game\GameEnvironment\Managers\BuildingManager</Filter>
    </ClInclude>
    <ClInclude Include="DayTimeEntity.h">
      <Filter>Game\GameEnvironment\DayTime</Filter>
    </ClInclude>
    <ClInclude Include="HumanManagerEntity.h">
      <Filter>Game\GameEnvironment\Managers\HumanManager</Filter>
    </ClInclude>
  </ItemGroup>
</Project>