// !$*UTF8*$!
{
	archiveVersion = 1;
	classes = {
	};
	objectVersion = 46;
	objects = {

/* Begin PBXBuildFile section */
		08129F121A91466000849B4E /* BuildingComponent.cpp in Sources */ = {isa = PBXBuildFile; fileRef = 08129EFD1A91466000849B4E /* BuildingComponent.cpp */; };
		08129F131A91466000849B4E /* BuildingManagerEntity.cpp in Sources */ = {isa = PBXBuildFile; fileRef = 08129EFF1A91466000849B4E /* BuildingManagerEntity.cpp */; };
		08129F141A91466000849B4E /* BuildingTestComponent.cpp in Sources */ = {isa = PBXBuildFile; fileRef = 08129F011A91466000849B4E /* BuildingTestComponent.cpp */; };
		08129F151A91466000849B4E /* DayTimeEntity.cpp in Sources */ = {isa = PBXBuildFile; fileRef = 08129F031A91466000849B4E /* DayTimeEntity.cpp */; };
		08129F161A91466000849B4E /* HumanAIMasterComponent.cpp in Sources */ = {isa = PBXBuildFile; fileRef = 08129F051A91466000849B4E /* HumanAIMasterComponent.cpp */; };
		08129F171A91466000849B4E /* HumanAISeekJobComponent.cpp in Sources */ = {isa = PBXBuildFile; fileRef = 08129F071A91466000849B4E /* HumanAISeekJobComponent.cpp */; };
		08129F191A91466000849B4E /* HumanManagerEntity.cpp in Sources */ = {isa = PBXBuildFile; fileRef = 08129F0B1A91466000849B4E /* HumanManagerEntity.cpp */; };
		08129F1A1A91466000849B4E /* main.cpp in Sources */ = {isa = PBXBuildFile; fileRef = 08129F0D1A91466000849B4E /* main.cpp */; };
		08129F1C1A91466000849B4E /* Workplace.cpp in Sources */ = {isa = PBXBuildFile; fileRef = 08129F101A91466000849B4E /* Workplace.cpp */; };
		08129F201A91484B00849B4E /* libGameEngine.a in Frameworks */ = {isa = PBXBuildFile; fileRef = 08129F1F1A91484B00849B4E /* libGameEngine.a */; };
		087655AD1A9BE5E400A9222B /* Service.cpp in Sources */ = {isa = PBXBuildFile; fileRef = 087655AB1A9BE5E400A9222B /* Service.cpp */; };
		087655AE1A9BE5E400A9222B /* Service.cpp in Sources */ = {isa = PBXBuildFile; fileRef = 087655AB1A9BE5E400A9222B /* Service.cpp */; };
		087655AF1A9BE5E400A9222B /* Service.h in Headers */ = {isa = PBXBuildFile; fileRef = 087655AC1A9BE5E400A9222B /* Service.h */; };
		087655CD1A9D336E00A9222B /* HumanComponent.cpp in Sources */ = {isa = PBXBuildFile; fileRef = 087655CB1A9D336E00A9222B /* HumanComponent.cpp */; };
		087655CE1A9D336E00A9222B /* HumanComponent.cpp in Sources */ = {isa = PBXBuildFile; fileRef = 087655CB1A9D336E00A9222B /* HumanComponent.cpp */; };
		087655CF1A9D336E00A9222B /* HumanComponent.h in Headers */ = {isa = PBXBuildFile; fileRef = 087655CC1A9D336E00A9222B /* HumanComponent.h */; };
		088759831A9290C1008786DA /* BuildingComponent.cpp in Sources */ = {isa = PBXBuildFile; fileRef = 08129EFD1A91466000849B4E /* BuildingComponent.cpp */; };
		088759841A9290C1008786DA /* BuildingComponent.h in Sources */ = {isa = PBXBuildFile; fileRef = 08129EFE1A91466000849B4E /* BuildingComponent.h */; };
		088759851A9290C1008786DA /* BuildingManagerEntity.cpp in Sources */ = {isa = PBXBuildFile; fileRef = 08129EFF1A91466000849B4E /* BuildingManagerEntity.cpp */; };
		088759861A9290C1008786DA /* BuildingManagerEntity.h in Sources */ = {isa = PBXBuildFile; fileRef = 08129F001A91466000849B4E /* BuildingManagerEntity.h */; };
		088759871A9290C1008786DA /* BuildingTestComponent.cpp in Sources */ = {isa = PBXBuildFile; fileRef = 08129F011A91466000849B4E /* BuildingTestComponent.cpp */; };
		088759881A9290C1008786DA /* BuildingTestComponent.h in Sources */ = {isa = PBXBuildFile; fileRef = 08129F021A91466000849B4E /* BuildingTestComponent.h */; };
		088759891A9290C1008786DA /* DayTimeEntity.cpp in Sources */ = {isa = PBXBuildFile; fileRef = 08129F031A91466000849B4E /* DayTimeEntity.cpp */; };
		0887598A1A9290C1008786DA /* DayTimeEntity.h in Sources */ = {isa = PBXBuildFile; fileRef = 08129F041A91466000849B4E /* DayTimeEntity.h */; };
		0887598B1A9290C1008786DA /* HumanAIMasterComponent.cpp in Sources */ = {isa = PBXBuildFile; fileRef = 08129F051A91466000849B4E /* HumanAIMasterComponent.cpp */; };
		0887598C1A9290C1008786DA /* HumanAIMasterComponent.h in Sources */ = {isa = PBXBuildFile; fileRef = 08129F061A91466000849B4E /* HumanAIMasterComponent.h */; };
		0887598D1A9290C1008786DA /* HumanAISeekJobComponent.cpp in Sources */ = {isa = PBXBuildFile; fileRef = 08129F071A91466000849B4E /* HumanAISeekJobComponent.cpp */; };
		0887598E1A9290C1008786DA /* HumanAISeekJobComponent.h in Sources */ = {isa = PBXBuildFile; fileRef = 08129F081A91466000849B4E /* HumanAISeekJobComponent.h */; };
		088759911A9290C1008786DA /* HumanManagerEntity.cpp in Sources */ = {isa = PBXBuildFile; fileRef = 08129F0B1A91466000849B4E /* HumanManagerEntity.cpp */; };
		088759921A9290C1008786DA /* HumanManagerEntity.h in Sources */ = {isa = PBXBuildFile; fileRef = 08129F0C1A91466000849B4E /* HumanManagerEntity.h */; };
		088759951A9290C1008786DA /* Workplace.cpp in Sources */ = {isa = PBXBuildFile; fileRef = 08129F101A91466000849B4E /* Workplace.cpp */; };
		088759961A9290C1008786DA /* Workplace.h in Sources */ = {isa = PBXBuildFile; fileRef = 08129F111A91466000849B4E /* Workplace.h */; };
		088759CD1A940ACD008786DA /* MotionComponent.cpp in Sources */ = {isa = PBXBuildFile; fileRef = 088759CC1A940ACD008786DA /* MotionComponent.cpp */; };
		088759CE1A940ACD008786DA /* MotionComponent.cpp in Sources */ = {isa = PBXBuildFile; fileRef = 088759CC1A940ACD008786DA /* MotionComponent.cpp */; };
		088759D01A940ADE008786DA /* MotionComponent.h in Headers */ = {isa = PBXBuildFile; fileRef = 088759CF1A940ADE008786DA /* MotionComponent.h */; };
		66238EE41AB57C2F0080E53B /* Queue.cpp in Sources */ = {isa = PBXBuildFile; fileRef = 66238EE21AB57C2F0080E53B /* Queue.cpp */; };
		D50B91AC1AC64B23006ECA05 /* GoToHumanTask.cpp in Sources */ = {isa = PBXBuildFile; fileRef = D50B91AA1AC64B23006ECA05 /* GoToHumanTask.cpp */; };
		D5581B3F1ACB16C200682D3A /* HumanWorkInteraction.cpp in Sources */ = {isa = PBXBuildFile; fileRef = D5581B3D1ACB16C200682D3A /* HumanWorkInteraction.cpp */; };
		D55B9FA21AC4D250008739F2 /* HumanTaskQueueComponent.cpp in Sources */ = {isa = PBXBuildFile; fileRef = D55B9FA01AC4D250008739F2 /* HumanTaskQueueComponent.cpp */; };
		D55B9FA61AC4D322008739F2 /* HumanTask.cpp in Sources */ = {isa = PBXBuildFile; fileRef = D55B9FA41AC4D322008739F2 /* HumanTask.cpp */; };
		D58A0EE71A967BF900700467 /* HumanAINeedComponent.cpp in Sources */ = {isa = PBXBuildFile; fileRef = D58A0EE51A967BF900700467 /* HumanAINeedComponent.cpp */; };
		D58A0EEB1A967D0600700467 /* HumanAITestNeedComponent.cpp in Sources */ = {isa = PBXBuildFile; fileRef = D58A0EE91A967D0600700467 /* HumanAITestNeedComponent.cpp */; };
		D58C3CD31AC8BC7B000A5FC3 /* HumanInteractionControllerComponent.cpp in Sources */ = {isa = PBXBuildFile; fileRef = D58C3CD11AC8BC7B000A5FC3 /* HumanInteractionControllerComponent.cpp */; };
		D58C3CD81AC8BDB3000A5FC3 /* HumanInteraction.cpp in Sources */ = {isa = PBXBuildFile; fileRef = D58C3CD61AC8BDB3000A5FC3 /* HumanInteraction.cpp */; };
		D5B69CAB1AAF87BE009E5F7B /* HumanAIWorkNeedComponent.cpp in Sources */ = {isa = PBXBuildFile; fileRef = D5B69CA91AAF87BE009E5F7B /* HumanAIWorkNeedComponent.cpp */; };
		D5D91EBE1AC7296100EB6FD4 /* UseServiceHumanTask.cpp in Sources */ = {isa = PBXBuildFile; fileRef = D5D91EBD1AC7296100EB6FD4 /* UseServiceHumanTask.cpp */; };
/* End PBXBuildFile section */

/* Begin PBXCopyFilesBuildPhase section */
		08129EF01A9145FF00849B4E /* CopyFiles */ = {
			isa = PBXCopyFilesBuildPhase;
			buildActionMask = 2147483647;
			dstPath = /usr/share/man/man1/;
			dstSubfolderSpec = 0;
			files = (
			);
			runOnlyForDeploymentPostprocessing = 1;
		};
/* End PBXCopyFilesBuildPhase section */

/* Begin PBXFileReference section */
		08129EF21A9145FF00849B4E /* Game */ = {isa = PBXFileReference; explicitFileType = "compiled.mach-o.executable"; includeInIndex = 0; path = Game; sourceTree = BUILT_PRODUCTS_DIR; };
		08129EFD1A91466000849B4E /* BuildingComponent.cpp */ = {isa = PBXFileReference; fileEncoding = 4; lastKnownFileType = sourcecode.cpp.cpp; path = BuildingComponent.cpp; sourceTree = "<group>"; };
		08129EFE1A91466000849B4E /* BuildingComponent.h */ = {isa = PBXFileReference; fileEncoding = 4; lastKnownFileType = sourcecode.c.h; path = BuildingComponent.h; sourceTree = "<group>"; };
		08129EFF1A91466000849B4E /* BuildingManagerEntity.cpp */ = {isa = PBXFileReference; fileEncoding = 4; lastKnownFileType = sourcecode.cpp.cpp; path = BuildingManagerEntity.cpp; sourceTree = "<group>"; };
		08129F001A91466000849B4E /* BuildingManagerEntity.h */ = {isa = PBXFileReference; fileEncoding = 4; lastKnownFileType = sourcecode.c.h; path = BuildingManagerEntity.h; sourceTree = "<group>"; };
		08129F011A91466000849B4E /* BuildingTestComponent.cpp */ = {isa = PBXFileReference; fileEncoding = 4; lastKnownFileType = sourcecode.cpp.cpp; path = BuildingTestComponent.cpp; sourceTree = "<group>"; };
		08129F021A91466000849B4E /* BuildingTestComponent.h */ = {isa = PBXFileReference; fileEncoding = 4; lastKnownFileType = sourcecode.c.h; path = BuildingTestComponent.h; sourceTree = "<group>"; };
		08129F031A91466000849B4E /* DayTimeEntity.cpp */ = {isa = PBXFileReference; fileEncoding = 4; lastKnownFileType = sourcecode.cpp.cpp; path = DayTimeEntity.cpp; sourceTree = "<group>"; };
		08129F041A91466000849B4E /* DayTimeEntity.h */ = {isa = PBXFileReference; fileEncoding = 4; lastKnownFileType = sourcecode.c.h; path = DayTimeEntity.h; sourceTree = "<group>"; };
		08129F051A91466000849B4E /* HumanAIMasterComponent.cpp */ = {isa = PBXFileReference; fileEncoding = 4; lastKnownFileType = sourcecode.cpp.cpp; path = HumanAIMasterComponent.cpp; sourceTree = "<group>"; };
		08129F061A91466000849B4E /* HumanAIMasterComponent.h */ = {isa = PBXFileReference; fileEncoding = 4; lastKnownFileType = sourcecode.c.h; path = HumanAIMasterComponent.h; sourceTree = "<group>"; };
		08129F071A91466000849B4E /* HumanAISeekJobComponent.cpp */ = {isa = PBXFileReference; fileEncoding = 4; lastKnownFileType = sourcecode.cpp.cpp; path = HumanAISeekJobComponent.cpp; sourceTree = "<group>"; };
		08129F081A91466000849B4E /* HumanAISeekJobComponent.h */ = {isa = PBXFileReference; fileEncoding = 4; lastKnownFileType = sourcecode.c.h; path = HumanAISeekJobComponent.h; sourceTree = "<group>"; };
		08129F0B1A91466000849B4E /* HumanManagerEntity.cpp */ = {isa = PBXFileReference; fileEncoding = 4; lastKnownFileType = sourcecode.cpp.cpp; path = HumanManagerEntity.cpp; sourceTree = "<group>"; };
		08129F0C1A91466000849B4E /* HumanManagerEntity.h */ = {isa = PBXFileReference; fileEncoding = 4; lastKnownFileType = sourcecode.c.h; path = HumanManagerEntity.h; sourceTree = "<group>"; };
		08129F0D1A91466000849B4E /* main.cpp */ = {isa = PBXFileReference; fileEncoding = 4; lastKnownFileType = sourcecode.cpp.cpp; path = main.cpp; sourceTree = "<group>"; };
		08129F101A91466000849B4E /* Workplace.cpp */ = {isa = PBXFileReference; fileEncoding = 4; lastKnownFileType = sourcecode.cpp.cpp; path = Workplace.cpp; sourceTree = "<group>"; };
		08129F111A91466000849B4E /* Workplace.h */ = {isa = PBXFileReference; fileEncoding = 4; lastKnownFileType = sourcecode.c.h; path = Workplace.h; sourceTree = "<group>"; };
		08129F1F1A91484B00849B4E /* libGameEngine.a */ = {isa = PBXFileReference; lastKnownFileType = archive.ar; name = libGameEngine.a; path = ../DerivedData/LifeUniversalis/Build/Products/Debug/libGameEngine.a; sourceTree = "<group>"; };
		087655AB1A9BE5E400A9222B /* Service.cpp */ = {isa = PBXFileReference; fileEncoding = 4; lastKnownFileType = sourcecode.cpp.cpp; path = Service.cpp; sourceTree = "<group>"; };
		087655AC1A9BE5E400A9222B /* Service.h */ = {isa = PBXFileReference; fileEncoding = 4; lastKnownFileType = sourcecode.c.h; path = Service.h; sourceTree = "<group>"; };
		087655CB1A9D336E00A9222B /* HumanComponent.cpp */ = {isa = PBXFileReference; fileEncoding = 4; lastKnownFileType = sourcecode.cpp.cpp; path = HumanComponent.cpp; sourceTree = "<group>"; };
		087655CC1A9D336E00A9222B /* HumanComponent.h */ = {isa = PBXFileReference; fileEncoding = 4; lastKnownFileType = sourcecode.c.h; path = HumanComponent.h; sourceTree = "<group>"; };
		088759761A928F26008786DA /* libGameLib.a */ = {isa = PBXFileReference; explicitFileType = archive.ar; includeInIndex = 0; path = libGameLib.a; sourceTree = BUILT_PRODUCTS_DIR; };
		088759CC1A940ACD008786DA /* MotionComponent.cpp */ = {isa = PBXFileReference; fileEncoding = 4; lastKnownFileType = sourcecode.cpp.cpp; path = MotionComponent.cpp; sourceTree = "<group>"; };
		088759CF1A940ADE008786DA /* MotionComponent.h */ = {isa = PBXFileReference; fileEncoding = 4; lastKnownFileType = sourcecode.c.h; path = MotionComponent.h; sourceTree = "<group>"; };
		66238EE21AB57C2F0080E53B /* Queue.cpp */ = {isa = PBXFileReference; fileEncoding = 4; lastKnownFileType = sourcecode.cpp.cpp; path = Queue.cpp; sourceTree = "<group>"; };
		66238EE31AB57C2F0080E53B /* Queue.h */ = {isa = PBXFileReference; fileEncoding = 4; lastKnownFileType = sourcecode.c.h; path = Queue.h; sourceTree = "<group>"; };
		D50B91AA1AC64B23006ECA05 /* GoToHumanTask.cpp */ = {isa = PBXFileReference; fileEncoding = 4; lastKnownFileType = sourcecode.cpp.cpp; path = GoToHumanTask.cpp; sourceTree = "<group>"; };
		D50B91AB1AC64B23006ECA05 /* GoToHumanTask.h */ = {isa = PBXFileReference; fileEncoding = 4; lastKnownFileType = sourcecode.c.h; path = GoToHumanTask.h; sourceTree = "<group>"; };
		D5581B3D1ACB16C200682D3A /* HumanWorkInteraction.cpp */ = {isa = PBXFileReference; fileEncoding = 4; lastKnownFileType = sourcecode.cpp.cpp; path = HumanWorkInteraction.cpp; sourceTree = "<group>"; };
		D5581B3E1ACB16C200682D3A /* HumanWorkInteraction.h */ = {isa = PBXFileReference; fileEncoding = 4; lastKnownFileType = sourcecode.c.h; path = HumanWorkInteraction.h; sourceTree = "<group>"; };
		D55B9FA01AC4D250008739F2 /* HumanTaskQueueComponent.cpp */ = {isa = PBXFileReference; fileEncoding = 4; lastKnownFileType = sourcecode.cpp.cpp; path = HumanTaskQueueComponent.cpp; sourceTree = "<group>"; };
		D55B9FA11AC4D250008739F2 /* HumanTaskQueueComponent.h */ = {isa = PBXFileReference; fileEncoding = 4; lastKnownFileType = sourcecode.c.h; path = HumanTaskQueueComponent.h; sourceTree = "<group>"; };
		D55B9FA41AC4D322008739F2 /* HumanTask.cpp */ = {isa = PBXFileReference; fileEncoding = 4; lastKnownFileType = sourcecode.cpp.cpp; path = HumanTask.cpp; sourceTree = "<group>"; };
		D55B9FA51AC4D322008739F2 /* HumanTask.h */ = {isa = PBXFileReference; fileEncoding = 4; lastKnownFileType = sourcecode.c.h; path = HumanTask.h; sourceTree = "<group>"; };
		D570076D1AAE299D00A270D5 /* HumanIncludes.h */ = {isa = PBXFileReference; lastKnownFileType = sourcecode.c.h; path = HumanIncludes.h; sourceTree = "<group>"; };
		D570076E1AAE2C6A00A270D5 /* EnvironmentEntitiesNames.h */ = {isa = PBXFileReference; lastKnownFileType = sourcecode.c.h; path = EnvironmentEntitiesNames.h; sourceTree = "<group>"; };
		D58A0EE51A967BF900700467 /* HumanAINeedComponent.cpp */ = {isa = PBXFileReference; fileEncoding = 4; lastKnownFileType = sourcecode.cpp.cpp; path = HumanAINeedComponent.cpp; sourceTree = "<group>"; };
		D58A0EE61A967BF900700467 /* HumanAINeedComponent.h */ = {isa = PBXFileReference; fileEncoding = 4; lastKnownFileType = sourcecode.c.h; path = HumanAINeedComponent.h; sourceTree = "<group>"; };
		D58A0EE91A967D0600700467 /* HumanAITestNeedComponent.cpp */ = {isa = PBXFileReference; fileEncoding = 4; lastKnownFileType = sourcecode.cpp.cpp; path = HumanAITestNeedComponent.cpp; sourceTree = "<group>"; };
		D58A0EEA1A967D0600700467 /* HumanAITestNeedComponent.h */ = {isa = PBXFileReference; fileEncoding = 4; lastKnownFileType = sourcecode.c.h; path = HumanAITestNeedComponent.h; sourceTree = "<group>"; };
		D58C3CD11AC8BC7B000A5FC3 /* HumanInteractionControllerComponent.cpp */ = {isa = PBXFileReference; fileEncoding = 4; lastKnownFileType = sourcecode.cpp.cpp; path = HumanInteractionControllerComponent.cpp; sourceTree = "<group>"; };
		D58C3CD21AC8BC7B000A5FC3 /* HumanInteractionControllerComponent.h */ = {isa = PBXFileReference; fileEncoding = 4; lastKnownFileType = sourcecode.c.h; path = HumanInteractionControllerComponent.h; sourceTree = "<group>"; };
		D58C3CD61AC8BDB3000A5FC3 /* HumanInteraction.cpp */ = {isa = PBXFileReference; fileEncoding = 4; lastKnownFileType = sourcecode.cpp.cpp; path = HumanInteraction.cpp; sourceTree = "<group>"; };
		D58C3CD71AC8BDB3000A5FC3 /* HumanInteraction.h */ = {isa = PBXFileReference; fileEncoding = 4; lastKnownFileType = sourcecode.c.h; path = HumanInteraction.h; sourceTree = "<group>"; };
		D5B69CA91AAF87BE009E5F7B /* HumanAIWorkNeedComponent.cpp */ = {isa = PBXFileReference; fileEncoding = 4; lastKnownFileType = sourcecode.cpp.cpp; path = HumanAIWorkNeedComponent.cpp; sourceTree = "<group>"; };
		D5B69CAA1AAF87BE009E5F7B /* HumanAIWorkNeedComponent.h */ = {isa = PBXFileReference; fileEncoding = 4; lastKnownFileType = sourcecode.c.h; path = HumanAIWorkNeedComponent.h; sourceTree = "<group>"; };
		D5D91EBC1AC728FD00EB6FD4 /* UseServiceHumanTask.h */ = {isa = PBXFileReference; lastKnownFileType = sourcecode.c.h; path = UseServiceHumanTask.h; sourceTree = "<group>"; };
		D5D91EBD1AC7296100EB6FD4 /* UseServiceHumanTask.cpp */ = {isa = PBXFileReference; fileEncoding = 4; lastKnownFileType = sourcecode.cpp.cpp; path = UseServiceHumanTask.cpp; sourceTree = "<group>"; };
/* End PBXFileReference section */

/* Begin PBXFrameworksBuildPhase section */
		08129EEF1A9145FF00849B4E /* Frameworks */ = {
			isa = PBXFrameworksBuildPhase;
			buildActionMask = 2147483647;
			files = (
				08129F201A91484B00849B4E /* libGameEngine.a in Frameworks */,
			);
			runOnlyForDeploymentPostprocessing = 0;
		};
		088759731A928F26008786DA /* Frameworks */ = {
			isa = PBXFrameworksBuildPhase;
			buildActionMask = 2147483647;
			files = (
			);
			runOnlyForDeploymentPostprocessing = 0;
		};
/* End PBXFrameworksBuildPhase section */

/* Begin PBXGroup section */
		08129EE91A9145FF00849B4E = {
			isa = PBXGroup;
			children = (
				08129F1F1A91484B00849B4E /* libGameEngine.a */,
				08129EFC1A91466000849B4E /* Game */,
				08129EF31A9145FF00849B4E /* Products */,
			);
			sourceTree = "<group>";
		};
		08129EF31A9145FF00849B4E /* Products */ = {
			isa = PBXGroup;
			children = (
				08129EF21A9145FF00849B4E /* Game */,
				088759761A928F26008786DA /* libGameLib.a */,
			);
			name = Products;
			sourceTree = "<group>";
		};
		08129EFC1A91466000849B4E /* Game */ = {
			isa = PBXGroup;
			children = (
				D551EAA71A92A7980058B9A2 /* EnvironmentEntities */,
				D551EAA61A92A78B0058B9A2 /* Components */,
				08129F0D1A91466000849B4E /* main.cpp */,
			);
			path = Game;
			sourceTree = "<group>";
		};
		087655B01A9BE5EA00A9222B /* Service */ = {
			isa = PBXGroup;
			children = (
				087655AB1A9BE5E400A9222B /* Service.cpp */,
				087655AC1A9BE5E400A9222B /* Service.h */,
			);
			name = Service;
			sourceTree = "<group>";
		};
		088759D11A940AE2008786DA /* Motion */ = {
			isa = PBXGroup;
			children = (
				088759CC1A940ACD008786DA /* MotionComponent.cpp */,
				088759CF1A940ADE008786DA /* MotionComponent.h */,
			);
			name = Motion;
			sourceTree = "<group>";
		};
		66238EE11AB57BF20080E53B /* Queue */ = {
			isa = PBXGroup;
			children = (
				D5D91EC11AC72AFA00EB6FD4 /* OperatorInterface */,
				D5D91EBF1AC72AEA00EB6FD4 /* HumanInterface */,
				66238EE21AB57C2F0080E53B /* Queue.cpp */,
				66238EE31AB57C2F0080E53B /* Queue.h */,
			);
			name = Queue;
			sourceTree = "<group>";
		};
		D50B91A91AC64AA6006ECA05 /* GoTo */ = {
			isa = PBXGroup;
			children = (
				D50B91AA1AC64B23006ECA05 /* GoToHumanTask.cpp */,
				D50B91AB1AC64B23006ECA05 /* GoToHumanTask.h */,
			);
			name = GoTo;
			sourceTree = "<group>";
		};
		D551EAA61A92A78B0058B9A2 /* Components */ = {
			isa = PBXGroup;
			children = (
				D551EAAB1A92ABB50058B9A2 /* Human */,
				D551EAA81A92A7A10058B9A2 /* Building */,
			);
			name = Components;
			sourceTree = "<group>";
		};
		D551EAA71A92A7980058B9A2 /* EnvironmentEntities */ = {
			isa = PBXGroup;
			children = (
				D551EAAA1A92AB8F0058B9A2 /* DayTime */,
				D551EAAE1A92ABEA0058B9A2 /* HumanManager */,
				D551EAA91A92AB530058B9A2 /* BuildingManager */,
				D570076E1AAE2C6A00A270D5 /* EnvironmentEntitiesNames.h */,
			);
			name = EnvironmentEntities;
			sourceTree = "<group>";
		};
		D551EAA81A92A7A10058B9A2 /* Building */ = {
			isa = PBXGroup;
			children = (
				66238EE11AB57BF20080E53B /* Queue */,
				087655B01A9BE5EA00A9222B /* Service */,
				D551EAB11A92AC100058B9A2 /* Workplace */,
				08129F011A91466000849B4E /* BuildingTestComponent.cpp */,
				08129F021A91466000849B4E /* BuildingTestComponent.h */,
				08129EFD1A91466000849B4E /* BuildingComponent.cpp */,
				08129EFE1A91466000849B4E /* BuildingComponent.h */,
			);
			name = Building;
			sourceTree = "<group>";
		};
		D551EAA91A92AB530058B9A2 /* BuildingManager */ = {
			isa = PBXGroup;
			children = (
				08129EFF1A91466000849B4E /* BuildingManagerEntity.cpp */,
				08129F001A91466000849B4E /* BuildingManagerEntity.h */,
			);
			name = BuildingManager;
			sourceTree = "<group>";
		};
		D551EAAA1A92AB8F0058B9A2 /* DayTime */ = {
			isa = PBXGroup;
			children = (
				08129F031A91466000849B4E /* DayTimeEntity.cpp */,
				08129F041A91466000849B4E /* DayTimeEntity.h */,
			);
			name = DayTime;
			sourceTree = "<group>";
		};
		D551EAAB1A92ABB50058B9A2 /* Human */ = {
			isa = PBXGroup;
			children = (
				D570076D1AAE299D00A270D5 /* HumanIncludes.h */,
				D58C3CD01AC8BC05000A5FC3 /* InteractionControllerComponent */,
				088759D11A940AE2008786DA /* Motion */,
				D551EAAC1A92ABC20058B9A2 /* AI */,
				087655CB1A9D336E00A9222B /* HumanComponent.cpp */,
				087655CC1A9D336E00A9222B /* HumanComponent.h */,
			);
			name = Human;
			sourceTree = "<group>";
		};
		D551EAAC1A92ABC20058B9A2 /* AI */ = {
			isa = PBXGroup;
			children = (
				D55B9F9F1AC4CE77008739F2 /* TaskQueue */,
				D58A0EE41A967BC400700467 /* HumanNeed */,
				D551EAB21A92AC1A0058B9A2 /* SeekJob */,
				08129F051A91466000849B4E /* HumanAIMasterComponent.cpp */,
				08129F061A91466000849B4E /* HumanAIMasterComponent.h */,
			);
			name = AI;
			sourceTree = "<group>";
		};
		D551EAAE1A92ABEA0058B9A2 /* HumanManager */ = {
			isa = PBXGroup;
			children = (
				08129F0B1A91466000849B4E /* HumanManagerEntity.cpp */,
				08129F0C1A91466000849B4E /* HumanManagerEntity.h */,
			);
			name = HumanManager;
			sourceTree = "<group>";
		};
		D551EAB11A92AC100058B9A2 /* Workplace */ = {
			isa = PBXGroup;
			children = (
				08129F101A91466000849B4E /* Workplace.cpp */,
				08129F111A91466000849B4E /* Workplace.h */,
			);
			name = Workplace;
			sourceTree = "<group>";
		};
		D551EAB21A92AC1A0058B9A2 /* SeekJob */ = {
			isa = PBXGroup;
			children = (
				08129F071A91466000849B4E /* HumanAISeekJobComponent.cpp */,
				08129F081A91466000849B4E /* HumanAISeekJobComponent.h */,
			);
			name = SeekJob;
			sourceTree = "<group>";
		};
		D55B9F9F1AC4CE77008739F2 /* TaskQueue */ = {
			isa = PBXGroup;
			children = (
				D55B9FA31AC4D2D0008739F2 /* Tasks */,
				D55B9FA01AC4D250008739F2 /* HumanTaskQueueComponent.cpp */,
				D55B9FA11AC4D250008739F2 /* HumanTaskQueueComponent.h */,
			);
			name = TaskQueue;
			sourceTree = "<group>";
		};
		D55B9FA31AC4D2D0008739F2 /* Tasks */ = {
			isa = PBXGroup;
			children = (
				D5D91EBB1AC728DF00EB6FD4 /* UseService */,
				D5D91EBA1AC7287000EB6FD4 /* Work */,
				D50B91A91AC64AA6006ECA05 /* GoTo */,
				D55B9FA41AC4D322008739F2 /* HumanTask.cpp */,
				D55B9FA51AC4D322008739F2 /* HumanTask.h */,
			);
			name = Tasks;
			sourceTree = "<group>";
		};
		D58A0EE41A967BC400700467 /* HumanNeed */ = {
			isa = PBXGroup;
			children = (
				D5B69CA81AAF877F009E5F7B /* WorkNeed */,
				D58A0EE81A967CE900700467 /* TestNeed */,
				D58A0EE51A967BF900700467 /* HumanAINeedComponent.cpp */,
				D58A0EE61A967BF900700467 /* HumanAINeedComponent.h */,
			);
			name = HumanNeed;
			sourceTree = "<group>";
		};
		D58A0EE81A967CE900700467 /* TestNeed */ = {
			isa = PBXGroup;
			children = (
				D58A0EE91A967D0600700467 /* HumanAITestNeedComponent.cpp */,
				D58A0EEA1A967D0600700467 /* HumanAITestNeedComponent.h */,
			);
			name = TestNeed;
			sourceTree = "<group>";
		};
		D58C3CD01AC8BC05000A5FC3 /* InteractionControllerComponent */ = {
			isa = PBXGroup;
			children = (
				D58C3CD41AC8BCC6000A5FC3 /* Interactions */,
				D58C3CD11AC8BC7B000A5FC3 /* HumanInteractionControllerComponent.cpp */,
				D58C3CD21AC8BC7B000A5FC3 /* HumanInteractionControllerComponent.h */,
			);
			name = InteractionControllerComponent;
			sourceTree = "<group>";
		};
		D58C3CD41AC8BCC6000A5FC3 /* Interactions */ = {
			isa = PBXGroup;
			children = (
				D58C3CD51AC8BCD8000A5FC3 /* WorkInteraction */,
				D58C3CD61AC8BDB3000A5FC3 /* HumanInteraction.cpp */,
				D58C3CD71AC8BDB3000A5FC3 /* HumanInteraction.h */,
			);
			name = Interactions;
			sourceTree = "<group>";
		};
		D58C3CD51AC8BCD8000A5FC3 /* WorkInteraction */ = {
			isa = PBXGroup;
			children = (
				D5581B3D1ACB16C200682D3A /* HumanWorkInteraction.cpp */,
				D5581B3E1ACB16C200682D3A /* HumanWorkInteraction.h */,
			);
			name = WorkInteraction;
			sourceTree = "<group>";
		};
		D5B69CA81AAF877F009E5F7B /* WorkNeed */ = {
			isa = PBXGroup;
			children = (
				D5B69CA91AAF87BE009E5F7B /* HumanAIWorkNeedComponent.cpp */,
				D5B69CAA1AAF87BE009E5F7B /* HumanAIWorkNeedComponent.h */,
			);
			name = WorkNeed;
			sourceTree = "<group>";
		};
		D5D91EBA1AC7287000EB6FD4 /* Work */ = {
			isa = PBXGroup;
			children = (
			);
			name = Work;
			sourceTree = "<group>";
		};
		D5D91EBB1AC728DF00EB6FD4 /* UseService */ = {
			isa = PBXGroup;
			children = (
				D5D91EBD1AC7296100EB6FD4 /* UseServiceHumanTask.cpp */,
				D5D91EBC1AC728FD00EB6FD4 /* UseServiceHumanTask.h */,
			);
			name = UseService;
			sourceTree = "<group>";
		};
		D5D91EBF1AC72AEA00EB6FD4 /* HumanInterface */ = {
			isa = PBXGroup;
			children = (
			);
			name = HumanInterface;
			sourceTree = "<group>";
		};
		D5D91EC11AC72AFA00EB6FD4 /* OperatorInterface */ = {
			isa = PBXGroup;
			children = (
			);
			name = OperatorInterface;
			sourceTree = "<group>";
		};
/* End PBXGroup section */

/* Begin PBXHeadersBuildPhase section */
		088759741A928F26008786DA /* Headers */ = {
			isa = PBXHeadersBuildPhase;
			buildActionMask = 2147483647;
			files = (
				087655AF1A9BE5E400A9222B /* Service.h in Headers */,
				087655CF1A9D336E00A9222B /* HumanComponent.h in Headers */,
				088759D01A940ADE008786DA /* MotionComponent.h in Headers */,
			);
			runOnlyForDeploymentPostprocessing = 0;
		};
/* End PBXHeadersBuildPhase section */

/* Begin PBXNativeTarget section */
		08129EF11A9145FF00849B4E /* Game */ = {
			isa = PBXNativeTarget;
			buildConfigurationList = 08129EF91A9145FF00849B4E /* Build configuration list for PBXNativeTarget "Game" */;
			buildPhases = (
				08129EEE1A9145FF00849B4E /* Sources */,
				08129EEF1A9145FF00849B4E /* Frameworks */,
				08129EF01A9145FF00849B4E /* CopyFiles */,
			);
			buildRules = (
			);
			dependencies = (
			);
			name = Game;
			productName = Game;
			productReference = 08129EF21A9145FF00849B4E /* Game */;
			productType = "com.apple.product-type.tool";
		};
		088759751A928F26008786DA /* GameLib */ = {
			isa = PBXNativeTarget;
			buildConfigurationList = 088759801A928F26008786DA /* Build configuration list for PBXNativeTarget "GameLib" */;
			buildPhases = (
				088759721A928F26008786DA /* Sources */,
				088759731A928F26008786DA /* Frameworks */,
				088759741A928F26008786DA /* Headers */,
			);
			buildRules = (
			);
			dependencies = (
			);
			name = GameLib;
			productName = GameLib;
			productReference = 088759761A928F26008786DA /* libGameLib.a */;
			productType = "com.apple.product-type.library.static";
		};
/* End PBXNativeTarget section */

/* Begin PBXProject section */
		08129EEA1A9145FF00849B4E /* Project object */ = {
			isa = PBXProject;
			attributes = {
				LastUpgradeCheck = 0610;
				ORGANIZATIONNAME = LifeUniversalis;
				TargetAttributes = {
					08129EF11A9145FF00849B4E = {
						CreatedOnToolsVersion = 6.1.1;
					};
					088759751A928F26008786DA = {
						CreatedOnToolsVersion = 6.1.1;
					};
				};
			};
			buildConfigurationList = 08129EED1A9145FF00849B4E /* Build configuration list for PBXProject "Game" */;
			compatibilityVersion = "Xcode 3.2";
			developmentRegion = English;
			hasScannedForEncodings = 0;
			knownRegions = (
				en,
			);
			mainGroup = 08129EE91A9145FF00849B4E;
			productRefGroup = 08129EF31A9145FF00849B4E /* Products */;
			projectDirPath = "";
			projectRoot = "";
			targets = (
				08129EF11A9145FF00849B4E /* Game */,
				088759751A928F26008786DA /* GameLib */,
			);
		};
/* End PBXProject section */

/* Begin PBXSourcesBuildPhase section */
		08129EEE1A9145FF00849B4E /* Sources */ = {
			isa = PBXSourcesBuildPhase;
			buildActionMask = 2147483647;
			files = (
				D58C3CD81AC8BDB3000A5FC3 /* HumanInteraction.cpp in Sources */,
				08129F191A91466000849B4E /* HumanManagerEntity.cpp in Sources */,
				D58C3CD31AC8BC7B000A5FC3 /* HumanInteractionControllerComponent.cpp in Sources */,
				08129F151A91466000849B4E /* DayTimeEntity.cpp in Sources */,
				08129F1A1A91466000849B4E /* main.cpp in Sources */,
				D5581B3F1ACB16C200682D3A /* HumanWorkInteraction.cpp in Sources */,
				087655CD1A9D336E00A9222B /* HumanComponent.cpp in Sources */,
				D5B69CAB1AAF87BE009E5F7B /* HumanAIWorkNeedComponent.cpp in Sources */,
				08129F171A91466000849B4E /* HumanAISeekJobComponent.cpp in Sources */,
				D5D91EBE1AC7296100EB6FD4 /* UseServiceHumanTask.cpp in Sources */,
				08129F1C1A91466000849B4E /* Workplace.cpp in Sources */,
				087655AD1A9BE5E400A9222B /* Service.cpp in Sources */,
				D58A0EEB1A967D0600700467 /* HumanAITestNeedComponent.cpp in Sources */,
				D58A0EE71A967BF900700467 /* HumanAINeedComponent.cpp in Sources */,
				08129F161A91466000849B4E /* HumanAIMasterComponent.cpp in Sources */,
				08129F131A91466000849B4E /* BuildingManagerEntity.cpp in Sources */,
				088759CD1A940ACD008786DA /* MotionComponent.cpp in Sources */,
				08129F121A91466000849B4E /* BuildingComponent.cpp in Sources */,
				D55B9FA61AC4D322008739F2 /* HumanTask.cpp in Sources */,
				D55B9FA21AC4D250008739F2 /* HumanTaskQueueComponent.cpp in Sources */,
				08129F141A91466000849B4E /* BuildingTestComponent.cpp in Sources */,
				66238EE41AB57C2F0080E53B /* Queue.cpp in Sources */,
				D50B91AC1AC64B23006ECA05 /* GoToHumanTask.cpp in Sources */,
			);
			runOnlyForDeploymentPostprocessing = 0;
		};
		088759721A928F26008786DA /* Sources */ = {
			isa = PBXSourcesBuildPhase;
			buildActionMask = 2147483647;
			files = (
				088759831A9290C1008786DA /* BuildingComponent.cpp in Sources */,
				088759841A9290C1008786DA /* BuildingComponent.h in Sources */,
				088759851A9290C1008786DA /* BuildingManagerEntity.cpp in Sources */,
				088759CE1A940ACD008786DA /* MotionComponent.cpp in Sources */,
				088759861A9290C1008786DA /* BuildingManagerEntity.h in Sources */,
				087655CE1A9D336E00A9222B /* HumanComponent.cpp in Sources */,
				088759871A9290C1008786DA /* BuildingTestComponent.cpp in Sources */,
				088759881A9290C1008786DA /* BuildingTestComponent.h in Sources */,
				088759891A9290C1008786DA /* DayTimeEntity.cpp in Sources */,
				0887598A1A9290C1008786DA /* DayTimeEntity.h in Sources */,
				0887598B1A9290C1008786DA /* HumanAIMasterComponent.cpp in Sources */,
				0887598C1A9290C1008786DA /* HumanAIMasterComponent.h in Sources */,
				0887598D1A9290C1008786DA /* HumanAISeekJobComponent.cpp in Sources */,
				0887598E1A9290C1008786DA /* HumanAISeekJobComponent.h in Sources */,
				087655AE1A9BE5E400A9222B /* Service.cpp in Sources */,
				088759911A9290C1008786DA /* HumanManagerEntity.cpp in Sources */,
				088759921A9290C1008786DA /* HumanManagerEntity.h in Sources */,
				088759951A9290C1008786DA /* Workplace.cpp in Sources */,
				088759961A9290C1008786DA /* Workplace.h in Sources */,
			);
			runOnlyForDeploymentPostprocessing = 0;
		};
/* End PBXSourcesBuildPhase section */

/* Begin XCBuildConfiguration section */
		08129EF71A9145FF00849B4E /* Debug */ = {
			isa = XCBuildConfiguration;
			buildSettings = {
				ALWAYS_SEARCH_USER_PATHS = NO;
				CLANG_CXX_LANGUAGE_STANDARD = "gnu++0x";
				CLANG_CXX_LIBRARY = "libc++";
				CLANG_ENABLE_MODULES = YES;
				CLANG_ENABLE_OBJC_ARC = YES;
				CLANG_WARN_BOOL_CONVERSION = YES;
				CLANG_WARN_CONSTANT_CONVERSION = YES;
				CLANG_WARN_DIRECT_OBJC_ISA_USAGE = YES_ERROR;
				CLANG_WARN_EMPTY_BODY = YES;
				CLANG_WARN_ENUM_CONVERSION = YES;
				CLANG_WARN_INT_CONVERSION = YES;
				CLANG_WARN_OBJC_ROOT_CLASS = YES_ERROR;
				CLANG_WARN_UNREACHABLE_CODE = YES;
				CLANG_WARN__DUPLICATE_METHOD_MATCH = YES;
				COPY_PHASE_STRIP = NO;
				ENABLE_STRICT_OBJC_MSGSEND = YES;
				GCC_C_LANGUAGE_STANDARD = gnu99;
				GCC_DYNAMIC_NO_PIC = NO;
				GCC_OPTIMIZATION_LEVEL = 0;
				GCC_PREPROCESSOR_DEFINITIONS = (
					"DEBUG=1",
					"$(inherited)",
				);
				GCC_SYMBOLS_PRIVATE_EXTERN = NO;
				GCC_WARN_64_TO_32_BIT_CONVERSION = YES;
				GCC_WARN_ABOUT_RETURN_TYPE = YES_ERROR;
				GCC_WARN_UNDECLARED_SELECTOR = YES;
				GCC_WARN_UNINITIALIZED_AUTOS = YES_AGGRESSIVE;
				GCC_WARN_UNUSED_FUNCTION = YES;
				GCC_WARN_UNUSED_VARIABLE = YES;
				HEADER_SEARCH_PATHS = (
					"$(inherited)",
					/Applications/Xcode.app/Contents/Developer/Toolchains/XcodeDefault.xctoolchain/usr/include,
					../GameEngine/GameEngine,
				);
				MACOSX_DEPLOYMENT_TARGET = 10.10;
				MTL_ENABLE_DEBUG_INFO = YES;
				ONLY_ACTIVE_ARCH = YES;
				OTHER_CPLUSPLUSFLAGS = (
					"$(OTHER_CFLAGS)",
					"-isystem/usr/local/include",
				);
				OTHER_LDFLAGS = (
					/usr/local/lib/libboost_chrono.dylib,
					/usr/local/lib/libboost_thread.dylib,
					/usr/local/lib/libboost_date_time.dylib,
					/usr/local/lib/libboost_system.dylib,
					/usr/local/lib/libboost_timer.dylib,
				);
				SDKROOT = macosx;
			};
			name = Debug;
		};
		08129EF81A9145FF00849B4E /* Release */ = {
			isa = XCBuildConfiguration;
			buildSettings = {
				ALWAYS_SEARCH_USER_PATHS = NO;
				CLANG_CXX_LANGUAGE_STANDARD = "gnu++0x";
				CLANG_CXX_LIBRARY = "libc++";
				CLANG_ENABLE_MODULES = YES;
				CLANG_ENABLE_OBJC_ARC = YES;
				CLANG_WARN_BOOL_CONVERSION = YES;
				CLANG_WARN_CONSTANT_CONVERSION = YES;
				CLANG_WARN_DIRECT_OBJC_ISA_USAGE = YES_ERROR;
				CLANG_WARN_EMPTY_BODY = YES;
				CLANG_WARN_ENUM_CONVERSION = YES;
				CLANG_WARN_INT_CONVERSION = YES;
				CLANG_WARN_OBJC_ROOT_CLASS = YES_ERROR;
				CLANG_WARN_UNREACHABLE_CODE = YES;
				CLANG_WARN__DUPLICATE_METHOD_MATCH = YES;
				COPY_PHASE_STRIP = YES;
				DEBUG_INFORMATION_FORMAT = "dwarf-with-dsym";
				ENABLE_NS_ASSERTIONS = NO;
				ENABLE_STRICT_OBJC_MSGSEND = YES;
				GCC_C_LANGUAGE_STANDARD = gnu99;
				GCC_WARN_64_TO_32_BIT_CONVERSION = YES;
				GCC_WARN_ABOUT_RETURN_TYPE = YES_ERROR;
				GCC_WARN_UNDECLARED_SELECTOR = YES;
				GCC_WARN_UNINITIALIZED_AUTOS = YES_AGGRESSIVE;
				GCC_WARN_UNUSED_FUNCTION = YES;
				GCC_WARN_UNUSED_VARIABLE = YES;
				HEADER_SEARCH_PATHS = (
					"$(inherited)",
					/Applications/Xcode.app/Contents/Developer/Toolchains/XcodeDefault.xctoolchain/usr/include,
					../GameEngine/GameEngine,
				);
				MACOSX_DEPLOYMENT_TARGET = 10.10;
				MTL_ENABLE_DEBUG_INFO = NO;
				OTHER_CPLUSPLUSFLAGS = (
					"$(OTHER_CFLAGS)",
					"-isystem/usr/local/include",
				);
				OTHER_LDFLAGS = (
					/usr/local/lib/libboost_chrono.dylib,
					/usr/local/lib/libboost_thread.dylib,
					/usr/local/lib/libboost_date_time.dylib,
					/usr/local/lib/libboost_system.dylib,
					/usr/local/lib/libboost_timer.dylib,
				);
				SDKROOT = macosx;
			};
			name = Release;
		};
		08129EFA1A9145FF00849B4E /* Debug */ = {
			isa = XCBuildConfiguration;
			buildSettings = {
				LIBRARY_SEARCH_PATHS = "$(inherited)";
				PRODUCT_NAME = "$(TARGET_NAME)";
			};
			name = Debug;
		};
		08129EFB1A9145FF00849B4E /* Release */ = {
			isa = XCBuildConfiguration;
			buildSettings = {
				LIBRARY_SEARCH_PATHS = "$(inherited)";
				PRODUCT_NAME = "$(TARGET_NAME)";
			};
			name = Release;
		};
		0887597E1A928F26008786DA /* Debug */ = {
			isa = XCBuildConfiguration;
			buildSettings = {
				EXECUTABLE_PREFIX = lib;
				GCC_ENABLE_CPP_EXCEPTIONS = YES;
				GCC_ENABLE_CPP_RTTI = YES;
				GCC_PREPROCESSOR_DEFINITIONS = (
					"DEBUG=1",
					"$(inherited)",
				);
				GCC_SYMBOLS_PRIVATE_EXTERN = NO;
				PRODUCT_NAME = "$(TARGET_NAME)";
			};
			name = Debug;
		};
		0887597F1A928F26008786DA /* Release */ = {
			isa = XCBuildConfiguration;
			buildSettings = {
				EXECUTABLE_PREFIX = lib;
				GCC_ENABLE_CPP_EXCEPTIONS = YES;
				GCC_ENABLE_CPP_RTTI = YES;
				GCC_SYMBOLS_PRIVATE_EXTERN = NO;
				PRODUCT_NAME = "$(TARGET_NAME)";
			};
			name = Release;
		};
/* End XCBuildConfiguration section */

/* Begin XCConfigurationList section */
		08129EED1A9145FF00849B4E /* Build configuration list for PBXProject "Game" */ = {
			isa = XCConfigurationList;
			buildConfigurations = (
				08129EF71A9145FF00849B4E /* Debug */,
				08129EF81A9145FF00849B4E /* Release */,
			);
			defaultConfigurationIsVisible = 0;
			defaultConfigurationName = Release;
		};
		08129EF91A9145FF00849B4E /* Build configuration list for PBXNativeTarget "Game" */ = {
			isa = XCConfigurationList;
			buildConfigurations = (
				08129EFA1A9145FF00849B4E /* Debug */,
				08129EFB1A9145FF00849B4E /* Release */,
			);
			defaultConfigurationIsVisible = 0;
			defaultConfigurationName = Release;
		};
		088759801A928F26008786DA /* Build configuration list for PBXNativeTarget "GameLib" */ = {
			isa = XCConfigurationList;
			buildConfigurations = (
				0887597E1A928F26008786DA /* Debug */,
				0887597F1A928F26008786DA /* Release */,
			);
			defaultConfigurationIsVisible = 0;
			defaultConfigurationName = Release;
		};
/* End XCConfigurationList section */
	};
	rootObject = 08129EEA1A9145FF00849B4E /* Project object */;
}
